
Microsoft Visual Studio Solution File, Format Version 12.00
# Visual Studio Version 17
VisualStudioVersion = 17.3.32825.248
MinimumVisualStudioVersion = 10.0.40219.1
Project("{FAE04EC0-301F-11D3-BF4B-00C04F79EFBC}") = "oddeven", "oddeven\oddeven.csproj", "{AC5D52F2-E7BD-4B6B-B6AD-535B8FF7BDBC}"
EndProject
Global
	GlobalSection(SolutionConfigurationPlatforms) = preSolution
		Debug|Any CPU = Debug|Any CPU
		Release|Any CPU = Release|Any CPU
	EndGlobalSection
	GlobalSection(ProjectConfigurationPlatforms) = postSolution
		{AC5D52F2-E7BD-4B6B-B6AD-535B8FF7BDBC}.Debug|Any CPU.ActiveCfg = Debug|Any CPU
		{AC5D52F2-E7BD-4B6B-B6AD-535B8FF7BDBC}.Debug|Any CPU.Build.0 = Debug|Any CPU
		{AC5D52F2-E7BD-4B6B-B6AD-535B8FF7BDBC}.Release|Any CPU.ActiveCfg = Release|Any CPU
		{AC5D52F2-E7BD-4B6B-B6AD-535B8FF7BDBC}.Release|Any CPU.Build.0 = Release|Any CPU
	EndGlobalSection
	GlobalSection(SolutionProperties) = preSolution
		HideSolutionNode = FALSE
	EndGlobalSection
	GlobalSection(ExtensibilityGlobals) = postSolution
		SolutionGuid = {B756AC01-6571-4707-AB7C-4305678379A1}
	EndGlobalSection
EndGlobal
