
Microsoft Visual Studio Solution File, Format Version 12.00
# Visual Studio Version 17
VisualStudioVersion = 17.3.32825.248
MinimumVisualStudioVersion = 10.0.40219.1
Project("{FAE04EC0-301F-11D3-BF4B-00C04F79EFBC}") = "Strings", "Strings\Strings.csproj", "{3EA3AF83-0E1D-4E64-84F1-97DAA62C5501}"
EndProject
Global
	GlobalSection(SolutionConfigurationPlatforms) = preSolution
		Debug|Any CPU = Debug|Any CPU
		Release|Any CPU = Release|Any CPU
	EndGlobalSection
	GlobalSection(ProjectConfigurationPlatforms) = postSolution
		{3EA3AF83-0E1D-4E64-84F1-97DAA62C5501}.Debug|Any CPU.ActiveCfg = Debug|Any CPU
		{3EA3AF83-0E1D-4E64-84F1-97DAA62C5501}.Debug|Any CPU.Build.0 = Debug|Any CPU
		{3EA3AF83-0E1D-4E64-84F1-97DAA62C5501}.Release|Any CPU.ActiveCfg = Release|Any CPU
		{3EA3AF83-0E1D-4E64-84F1-97DAA62C5501}.Release|Any CPU.Build.0 = Release|Any CPU
	EndGlobalSection
	GlobalSection(SolutionProperties) = preSolution
		HideSolutionNode = FALSE
	EndGlobalSection
	GlobalSection(ExtensibilityGlobals) = postSolution
		SolutionGuid = {247F1A7B-B1B5-46E5-A100-68C002DC2C85}
	EndGlobalSection
EndGlobal
